
Microsoft Visual Studio Solution File, Format Version 12.00
# Visual Studio Version 17
VisualStudioVersion = 17.0.31903.59
MinimumVisualStudioVersion = 10.0.40219.1
Project("{FAE04EC0-301F-11D3-BF4B-00C04F79EFBC}") = "WSUniversalLib", "WSUniversalLib\WSUniversalLib.csproj", "{4FF7526C-97A3-4AAD-97C7-BA680A7F03A5}"
EndProject
Project("{FAE04EC0-301F-11D3-BF4B-00C04F79EFBC}") = "UnitTestProject1", "UnitTestProject1\UnitTestProject1.csproj", "{8DDA8EDC-AAC1-4EEB-8E2C-60F99F5B7523}"
	ProjectSection(ProjectDependencies) = postProject
		{4FF7526C-97A3-4AAD-97C7-BA680A7F03A5} = {4FF7526C-97A3-4AAD-97C7-BA680A7F03A5}
	EndProjectSection
EndProject
Global
	GlobalSection(SolutionConfigurationPlatforms) = preSolution
		Debug|Any CPU = Debug|Any CPU
		Release|Any CPU = Release|Any CPU
	EndGlobalSection
	GlobalSection(ProjectConfigurationPlatforms) = postSolution
		{4FF7526C-97A3-4AAD-97C7-BA680A7F03A5}.Debug|Any CPU.ActiveCfg = Debug|Any CPU
		{4FF7526C-97A3-4AAD-97C7-BA680A7F03A5}.Debug|Any CPU.Build.0 = Debug|Any CPU
		{4FF7526C-97A3-4AAD-97C7-BA680A7F03A5}.Release|Any CPU.ActiveCfg = Release|Any CPU
		{4FF7526C-97A3-4AAD-97C7-BA680A7F03A5}.Release|Any CPU.Build.0 = Release|Any CPU
		{8DDA8EDC-AAC1-4EEB-8E2C-60F99F5B7523}.Debug|Any CPU.ActiveCfg = Debug|Any CPU
		{8DDA8EDC-AAC1-4EEB-8E2C-60F99F5B7523}.Debug|Any CPU.Build.0 = Debug|Any CPU
		{8DDA8EDC-AAC1-4EEB-8E2C-60F99F5B7523}.Release|Any CPU.ActiveCfg = Release|Any CPU
		{8DDA8EDC-AAC1-4EEB-8E2C-60F99F5B7523}.Release|Any CPU.Build.0 = Release|Any CPU
	EndGlobalSection
	GlobalSection(SolutionProperties) = preSolution
		HideSolutionNode = FALSE
	EndGlobalSection
	GlobalSection(ExtensibilityGlobals) = postSolution
		SolutionGuid = {8A33C466-1EB4-4925-AE8E-8ED43FA25C91}
	EndGlobalSection
EndGlobal
