
Microsoft Visual Studio Solution File, Format Version 12.00
# Visual Studio Version 16
VisualStudioVersion = 16.0.31702.278
MinimumVisualStudioVersion = 10.0.40219.1
Project("{FAE04EC0-301F-11D3-BF4B-00C04F79EFBC}") = "LessonLern", "LessonLern\LessonLern.csproj", "{85DD1C4B-A236-47C3-B7F4-571BA9F8793B}"
EndProject
Global
	GlobalSection(SolutionConfigurationPlatforms) = preSolution
		Debug|Any CPU = Debug|Any CPU
		Release|Any CPU = Release|Any CPU
	EndGlobalSection
	GlobalSection(ProjectConfigurationPlatforms) = postSolution
		{85DD1C4B-A236-47C3-B7F4-571BA9F8793B}.Debug|Any CPU.ActiveCfg = Debug|Any CPU
		{85DD1C4B-A236-47C3-B7F4-571BA9F8793B}.Debug|Any CPU.Build.0 = Debug|Any CPU
		{85DD1C4B-A236-47C3-B7F4-571BA9F8793B}.Release|Any CPU.ActiveCfg = Release|Any CPU
		{85DD1C4B-A236-47C3-B7F4-571BA9F8793B}.Release|Any CPU.Build.0 = Release|Any CPU
	EndGlobalSection
	GlobalSection(SolutionProperties) = preSolution
		HideSolutionNode = FALSE
	EndGlobalSection
	GlobalSection(ExtensibilityGlobals) = postSolution
		SolutionGuid = {04F6FFA5-19BF-4AFA-9DA2-A0191FADF694}
	EndGlobalSection
EndGlobal
